
Microsoft Visual Studio Solution File, Format Version 12.00
# Visual Studio Version 17
VisualStudioVersion = 17.0.31903.59
MinimumVisualStudioVersion = 10.0.40219.1
Project("{9A19103F-16F7-4668-BE54-9A1E7A4F7556}") = "MQTTnet", "MQTTnet\MQTTnet.csproj", "{2059B394-E4BA-43ED-9256-A5224030C36E}"
EndProject
Project("{9A19103F-16F7-4668-BE54-9A1E7A4F7556}") = "MQTTnet.WorkerSample", "MQTTnet.WorkerSample\MQTTnet.WorkerSample.csproj", "{836060FA-44FF-48DC-A8A6-A51BFBA1BD18}"
EndProject
Global
	GlobalSection(SolutionConfigurationPlatforms) = preSolution
		Debug|Any CPU = Debug|Any CPU
		Release|Any CPU = Release|Any CPU
	EndGlobalSection
	GlobalSection(ProjectConfigurationPlatforms) = postSolution
		{2059B394-E4BA-43ED-9256-A5224030C36E}.Debug|Any CPU.ActiveCfg = Debug|Any CPU
		{2059B394-E4BA-43ED-9256-A5224030C36E}.Debug|Any CPU.Build.0 = Debug|Any CPU
		{2059B394-E4BA-43ED-9256-A5224030C36E}.Release|Any CPU.ActiveCfg = Release|Any CPU
		{2059B394-E4BA-43ED-9256-A5224030C36E}.Release|Any CPU.Build.0 = Release|Any CPU
		{836060FA-44FF-48DC-A8A6-A51BFBA1BD18}.Debug|Any CPU.ActiveCfg = Debug|Any CPU
		{836060FA-44FF-48DC-A8A6-A51BFBA1BD18}.Debug|Any CPU.Build.0 = Debug|Any CPU
		{836060FA-44FF-48DC-A8A6-A51BFBA1BD18}.Release|Any CPU.ActiveCfg = Release|Any CPU
		{836060FA-44FF-48DC-A8A6-A51BFBA1BD18}.Release|Any CPU.Build.0 = Release|Any CPU
	EndGlobalSection
	GlobalSection(SolutionProperties) = preSolution
		HideSolutionNode = FALSE
	EndGlobalSection
	GlobalSection(ExtensibilityGlobals) = postSolution
		SolutionGuid = {920E58F2-2752-4F6B-96D2-F5173822435C}
	EndGlobalSection
EndGlobal
